// !$*UTF8*$!
{
	archiveVersion = 1;
	classes = {
	};
	objectVersion = 50;
	objects = {

/* Begin PBXBuildFile section */
		8016071D2410F3E1002C2E5D /* QuestionViewController.xib in Resources */ = {isa = PBXBuildFile; fileRef = 8016071B2410F25A002C2E5D /* QuestionViewController.xib */; };
		8016071F2410F5BF002C2E5D /* QuestionViewControllerTest.swift in Sources */ = {isa = PBXBuildFile; fileRef = 801607172410F12D002C2E5D /* QuestionViewControllerTest.swift */; };
		801607222411079C002C2E5D /* ResultsViewControllerTest.swift in Sources */ = {isa = PBXBuildFile; fileRef = 801607212411079C002C2E5D /* ResultsViewControllerTest.swift */; };
		8016072424110807002C2E5D /* ResultsViewController.swift in Sources */ = {isa = PBXBuildFile; fileRef = 8016072324110807002C2E5D /* ResultsViewController.swift */; };
		8016072624110826002C2E5D /* ResultsViewController.xib in Resources */ = {isa = PBXBuildFile; fileRef = 8016072524110826002C2E5D /* ResultsViewController.xib */; };
		8016072824110C96002C2E5D /* UITableViewHelpers.swift in Sources */ = {isa = PBXBuildFile; fileRef = 8016072724110C96002C2E5D /* UITableViewHelpers.swift */; };
		8016072A24110F66002C2E5D /* CorrectAnswerCell.xib in Resources */ = {isa = PBXBuildFile; fileRef = 8016072924110F66002C2E5D /* CorrectAnswerCell.xib */; };
		8016072C241112D9002C2E5D /* WrongAnswerCell.xib in Resources */ = {isa = PBXBuildFile; fileRef = 8016072B241112D9002C2E5D /* WrongAnswerCell.xib */; };
		803F00FA24123B740033424A /* QuestionViewController.swift in Sources */ = {isa = PBXBuildFile; fileRef = 803F00F924123B740033424A /* QuestionViewController.swift */; };
		803F012824123D0A0033424A /* QuizEngine.framework in Frameworks */ = {isa = PBXBuildFile; fileRef = 803F012724123D0A0033424A /* QuizEngine.framework */; };
		803F012924123D0A0033424A /* QuizEngine.framework in Embed Frameworks */ = {isa = PBXBuildFile; fileRef = 803F012724123D0A0033424A /* QuizEngine.framework */; settings = {ATTRIBUTES = (CodeSignOnCopy, RemoveHeadersOnCopy, ); }; };
		803F012C24123D430033424A /* NavigationControllerRouterTest.swift in Sources */ = {isa = PBXBuildFile; fileRef = 803F012B24123D430033424A /* NavigationControllerRouterTest.swift */; };
		803F012E24123E150033424A /* NavigationControllerRouter.swift in Sources */ = {isa = PBXBuildFile; fileRef = 803F012D24123E150033424A /* NavigationControllerRouter.swift */; };
		803F0133241259E80033424A /* Question.swift in Sources */ = {isa = PBXBuildFile; fileRef = 803F0132241259E80033424A /* Question.swift */; };
		803F013424125A030033424A /* QuestionTest.swift in Sources */ = {isa = PBXBuildFile; fileRef = 803F012F2412579C0033424A /* QuestionTest.swift */; };
		8047F779241616370097FC75 /* ViewControllerFactory.swift in Sources */ = {isa = PBXBuildFile; fileRef = 8047F778241616370097FC75 /* ViewControllerFactory.swift */; };
		8047F77B241616660097FC75 /* iOSViewControllerFactoryTest.swift in Sources */ = {isa = PBXBuildFile; fileRef = 8047F77A241616660097FC75 /* iOSViewControllerFactoryTest.swift */; };
		8047F77D241616D00097FC75 /* iOSViewControllerFactory.swift in Sources */ = {isa = PBXBuildFile; fileRef = 8047F77C241616D00097FC75 /* iOSViewControllerFactory.swift */; };
		8056BC312410C1340028B16E /* AppDelegate.swift in Sources */ = {isa = PBXBuildFile; fileRef = 8056BC302410C1340028B16E /* AppDelegate.swift */; };
		8056BC3A2410C1360028B16E /* Assets.xcassets in Resources */ = {isa = PBXBuildFile; fileRef = 8056BC392410C1360028B16E /* Assets.xcassets */; };
		8056BC3D2410C1360028B16E /* LaunchScreen.storyboard in Resources */ = {isa = PBXBuildFile; fileRef = 8056BC3B2410C1360028B16E /* LaunchScreen.storyboard */; };
		805C17AC241221980073C597 /* UITableViewExtensions.swift in Sources */ = {isa = PBXBuildFile; fileRef = 805C17AB241221980073C597 /* UITableViewExtensions.swift */; };
		805C17AE241221AE0073C597 /* PresentableAnswer.swift in Sources */ = {isa = PBXBuildFile; fileRef = 805C17AD241221AE0073C597 /* PresentableAnswer.swift */; };
		805C17B0241221D20073C597 /* CorrectAnswerCell.swift in Sources */ = {isa = PBXBuildFile; fileRef = 805C17AF241221D20073C597 /* CorrectAnswerCell.swift */; };
		805C17B2241221E80073C597 /* WrongAnswerCell.swift in Sources */ = {isa = PBXBuildFile; fileRef = 805C17B1241221E80073C597 /* WrongAnswerCell.swift */; };
/* End PBXBuildFile section */

/* Begin PBXContainerItemProxy section */
		8056BC4D2410C16D0028B16E /* PBXContainerItemProxy */ = {
			isa = PBXContainerItemProxy;
			containerPortal = 8056BC252410C1340028B16E /* Project object */;
			proxyType = 1;
			remoteGlobalIDString = 8056BC2C2410C1340028B16E;
			remoteInfo = SwiftQuiz;
		};
/* End PBXContainerItemProxy section */

/* Begin PBXCopyFilesBuildPhase section */
		803F012A24123D0B0033424A /* Embed Frameworks */ = {
			isa = PBXCopyFilesBuildPhase;
			buildActionMask = 2147483647;
			dstPath = "";
			dstSubfolderSpec = 10;
			files = (
				803F012924123D0A0033424A /* QuizEngine.framework in Embed Frameworks */,
			);
			name = "Embed Frameworks";
			runOnlyForDeploymentPostprocessing = 0;
		};
/* End PBXCopyFilesBuildPhase section */

/* Begin PBXFileReference section */
		801607172410F12D002C2E5D /* QuestionViewControllerTest.swift */ = {isa = PBXFileReference; lastKnownFileType = sourcecode.swift; path = QuestionViewControllerTest.swift; sourceTree = "<group>"; };
		8016071B2410F25A002C2E5D /* QuestionViewController.xib */ = {isa = PBXFileReference; lastKnownFileType = file.xib; path = QuestionViewController.xib; sourceTree = "<group>"; };
		801607212411079C002C2E5D /* ResultsViewControllerTest.swift */ = {isa = PBXFileReference; lastKnownFileType = sourcecode.swift; path = ResultsViewControllerTest.swift; sourceTree = "<group>"; };
		8016072324110807002C2E5D /* ResultsViewController.swift */ = {isa = PBXFileReference; lastKnownFileType = sourcecode.swift; path = ResultsViewController.swift; sourceTree = "<group>"; };
		8016072524110826002C2E5D /* ResultsViewController.xib */ = {isa = PBXFileReference; lastKnownFileType = file.xib; path = ResultsViewController.xib; sourceTree = "<group>"; };
		8016072724110C96002C2E5D /* UITableViewHelpers.swift */ = {isa = PBXFileReference; lastKnownFileType = sourcecode.swift; path = UITableViewHelpers.swift; sourceTree = "<group>"; };
		8016072924110F66002C2E5D /* CorrectAnswerCell.xib */ = {isa = PBXFileReference; lastKnownFileType = file.xib; path = CorrectAnswerCell.xib; sourceTree = "<group>"; };
		8016072B241112D9002C2E5D /* WrongAnswerCell.xib */ = {isa = PBXFileReference; lastKnownFileType = file.xib; path = WrongAnswerCell.xib; sourceTree = "<group>"; };
		803F00F924123B740033424A /* QuestionViewController.swift */ = {isa = PBXFileReference; fileEncoding = 4; lastKnownFileType = sourcecode.swift; path = QuestionViewController.swift; sourceTree = "<group>"; };
		803F012724123D0A0033424A /* QuizEngine.framework */ = {isa = PBXFileReference; explicitFileType = wrapper.framework; path = QuizEngine.framework; sourceTree = BUILT_PRODUCTS_DIR; };
		803F012B24123D430033424A /* NavigationControllerRouterTest.swift */ = {isa = PBXFileReference; lastKnownFileType = sourcecode.swift; path = NavigationControllerRouterTest.swift; sourceTree = "<group>"; };
		803F012D24123E150033424A /* NavigationControllerRouter.swift */ = {isa = PBXFileReference; lastKnownFileType = sourcecode.swift; path = NavigationControllerRouter.swift; sourceTree = "<group>"; };
		803F012F2412579C0033424A /* QuestionTest.swift */ = {isa = PBXFileReference; lastKnownFileType = sourcecode.swift; path = QuestionTest.swift; sourceTree = "<group>"; };
		803F0132241259E80033424A /* Question.swift */ = {isa = PBXFileReference; lastKnownFileType = sourcecode.swift; path = Question.swift; sourceTree = "<group>"; };
		8047F778241616370097FC75 /* ViewControllerFactory.swift */ = {isa = PBXFileReference; lastKnownFileType = sourcecode.swift; path = ViewControllerFactory.swift; sourceTree = "<group>"; };
		8047F77A241616660097FC75 /* iOSViewControllerFactoryTest.swift */ = {isa = PBXFileReference; lastKnownFileType = sourcecode.swift; path = iOSViewControllerFactoryTest.swift; sourceTree = "<group>"; };
		8047F77C241616D00097FC75 /* iOSViewControllerFactory.swift */ = {isa = PBXFileReference; lastKnownFileType = sourcecode.swift; path = iOSViewControllerFactory.swift; sourceTree = "<group>"; };
		8056BC2D2410C1340028B16E /* SwiftQuiz.app */ = {isa = PBXFileReference; explicitFileType = wrapper.application; includeInIndex = 0; path = SwiftQuiz.app; sourceTree = BUILT_PRODUCTS_DIR; };
		8056BC302410C1340028B16E /* AppDelegate.swift */ = {isa = PBXFileReference; lastKnownFileType = sourcecode.swift; path = AppDelegate.swift; sourceTree = "<group>"; };
		8056BC392410C1360028B16E /* Assets.xcassets */ = {isa = PBXFileReference; lastKnownFileType = folder.assetcatalog; path = Assets.xcassets; sourceTree = "<group>"; };
		8056BC3C2410C1360028B16E /* Base */ = {isa = PBXFileReference; lastKnownFileType = file.storyboard; name = Base; path = Base.lproj/LaunchScreen.storyboard; sourceTree = "<group>"; };
		8056BC3E2410C1360028B16E /* Info.plist */ = {isa = PBXFileReference; lastKnownFileType = text.plist.xml; path = Info.plist; sourceTree = "<group>"; };
		8056BC482410C16D0028B16E /* SwiftQuizTests.xctest */ = {isa = PBXFileReference; explicitFileType = wrapper.cfbundle; includeInIndex = 0; path = SwiftQuizTests.xctest; sourceTree = BUILT_PRODUCTS_DIR; };
		8056BC4C2410C16D0028B16E /* Info.plist */ = {isa = PBXFileReference; lastKnownFileType = text.plist.xml; path = Info.plist; sourceTree = "<group>"; };
		805C17AB241221980073C597 /* UITableViewExtensions.swift */ = {isa = PBXFileReference; lastKnownFileType = sourcecode.swift; path = UITableViewExtensions.swift; sourceTree = "<group>"; };
		805C17AD241221AE0073C597 /* PresentableAnswer.swift */ = {isa = PBXFileReference; lastKnownFileType = sourcecode.swift; path = PresentableAnswer.swift; sourceTree = "<group>"; };
		805C17AF241221D20073C597 /* CorrectAnswerCell.swift */ = {isa = PBXFileReference; lastKnownFileType = sourcecode.swift; path = CorrectAnswerCell.swift; sourceTree = "<group>"; };
		805C17B1241221E80073C597 /* WrongAnswerCell.swift */ = {isa = PBXFileReference; lastKnownFileType = sourcecode.swift; path = WrongAnswerCell.swift; sourceTree = "<group>"; };
/* End PBXFileReference section */

/* Begin PBXFrameworksBuildPhase section */
		8056BC2A2410C1340028B16E /* Frameworks */ = {
			isa = PBXFrameworksBuildPhase;
			buildActionMask = 2147483647;
			files = (
				803F012824123D0A0033424A /* QuizEngine.framework in Frameworks */,
			);
			runOnlyForDeploymentPostprocessing = 0;
		};
		8056BC452410C16D0028B16E /* Frameworks */ = {
			isa = PBXFrameworksBuildPhase;
			buildActionMask = 2147483647;
			files = (
			);
			runOnlyForDeploymentPostprocessing = 0;
		};
/* End PBXFrameworksBuildPhase section */

/* Begin PBXGroup section */
		803F012624123D0A0033424A /* Frameworks */ = {
			isa = PBXGroup;
			children = (
				803F012724123D0A0033424A /* QuizEngine.framework */,
			);
			name = Frameworks;
			sourceTree = "<group>";
		};
		8056BC242410C1340028B16E = {
			isa = PBXGroup;
			children = (
				8056BC2F2410C1340028B16E /* SwiftQuiz */,
				8056BC492410C16D0028B16E /* SwiftQuizTests */,
				8056BC2E2410C1340028B16E /* Products */,
				803F012624123D0A0033424A /* Frameworks */,
			);
			sourceTree = "<group>";
		};
		8056BC2E2410C1340028B16E /* Products */ = {
			isa = PBXGroup;
			children = (
				8056BC2D2410C1340028B16E /* SwiftQuiz.app */,
				8056BC482410C16D0028B16E /* SwiftQuizTests.xctest */,
			);
			name = Products;
			sourceTree = "<group>";
		};
		8056BC2F2410C1340028B16E /* SwiftQuiz */ = {
			isa = PBXGroup;
			children = (
				803F00F924123B740033424A /* QuestionViewController.swift */,
				8016071B2410F25A002C2E5D /* QuestionViewController.xib */,
				8056BC302410C1340028B16E /* AppDelegate.swift */,
				8056BC392410C1360028B16E /* Assets.xcassets */,
				8056BC3B2410C1360028B16E /* LaunchScreen.storyboard */,
				8056BC3E2410C1360028B16E /* Info.plist */,
				8016072324110807002C2E5D /* ResultsViewController.swift */,
				8016072524110826002C2E5D /* ResultsViewController.xib */,
				8016072924110F66002C2E5D /* CorrectAnswerCell.xib */,
				8016072B241112D9002C2E5D /* WrongAnswerCell.xib */,
				805C17AB241221980073C597 /* UITableViewExtensions.swift */,
				805C17AD241221AE0073C597 /* PresentableAnswer.swift */,
				805C17AF241221D20073C597 /* CorrectAnswerCell.swift */,
				805C17B1241221E80073C597 /* WrongAnswerCell.swift */,
				803F012D24123E150033424A /* NavigationControllerRouter.swift */,
				803F0132241259E80033424A /* Question.swift */,
				8047F778241616370097FC75 /* ViewControllerFactory.swift */,
				8047F77C241616D00097FC75 /* iOSViewControllerFactory.swift */,
			);
			path = SwiftQuiz;
			sourceTree = "<group>";
		};
		8056BC492410C16D0028B16E /* SwiftQuizTests */ = {
			isa = PBXGroup;
			children = (
				803F012F2412579C0033424A /* QuestionTest.swift */,
				801607172410F12D002C2E5D /* QuestionViewControllerTest.swift */,
				8056BC4C2410C16D0028B16E /* Info.plist */,
				801607212411079C002C2E5D /* ResultsViewControllerTest.swift */,
				8016072724110C96002C2E5D /* UITableViewHelpers.swift */,
				803F012B24123D430033424A /* NavigationControllerRouterTest.swift */,
				8047F77A241616660097FC75 /* iOSViewControllerFactoryTest.swift */,
			);
			path = SwiftQuizTests;
			sourceTree = "<group>";
		};
/* End PBXGroup section */

/* Begin PBXNativeTarget section */
		8056BC2C2410C1340028B16E /* SwiftQuiz */ = {
			isa = PBXNativeTarget;
			buildConfigurationList = 8056BC412410C1360028B16E /* Build configuration list for PBXNativeTarget "SwiftQuiz" */;
			buildPhases = (
				8056BC292410C1340028B16E /* Sources */,
				8056BC2A2410C1340028B16E /* Frameworks */,
				8056BC2B2410C1340028B16E /* Resources */,
				803F012A24123D0B0033424A /* Embed Frameworks */,
			);
			buildRules = (
			);
			dependencies = (
			);
			name = SwiftQuiz;
			productName = SwiftQuiz;
			productReference = 8056BC2D2410C1340028B16E /* SwiftQuiz.app */;
			productType = "com.apple.product-type.application";
		};
		8056BC472410C16D0028B16E /* SwiftQuizTests */ = {
			isa = PBXNativeTarget;
			buildConfigurationList = 8056BC4F2410C16D0028B16E /* Build configuration list for PBXNativeTarget "SwiftQuizTests" */;
			buildPhases = (
				8056BC442410C16D0028B16E /* Sources */,
				8056BC452410C16D0028B16E /* Frameworks */,
				8056BC462410C16D0028B16E /* Resources */,
			);
			buildRules = (
			);
			dependencies = (
				8056BC4E2410C16D0028B16E /* PBXTargetDependency */,
			);
			name = SwiftQuizTests;
			productName = SwiftQuizTests;
			productReference = 8056BC482410C16D0028B16E /* SwiftQuizTests.xctest */;
			productType = "com.apple.product-type.bundle.unit-test";
		};
/* End PBXNativeTarget section */

/* Begin PBXProject section */
		8056BC252410C1340028B16E /* Project object */ = {
			isa = PBXProject;
			attributes = {
				LastSwiftUpdateCheck = 1130;
				LastUpgradeCheck = 1130;
				ORGANIZATIONNAME = "Patrick Domingo";
				TargetAttributes = {
					8056BC2C2410C1340028B16E = {
						CreatedOnToolsVersion = 11.3.1;
					};
					8056BC472410C16D0028B16E = {
						CreatedOnToolsVersion = 11.3.1;
						TestTargetID = 8056BC2C2410C1340028B16E;
					};
				};
			};
			buildConfigurationList = 8056BC282410C1340028B16E /* Build configuration list for PBXProject "SwiftQuiz" */;
			compatibilityVersion = "Xcode 9.3";
			developmentRegion = en;
			hasScannedForEncodings = 0;
			knownRegions = (
				en,
				Base,
			);
			mainGroup = 8056BC242410C1340028B16E;
			productRefGroup = 8056BC2E2410C1340028B16E /* Products */;
			projectDirPath = "";
			projectRoot = "";
			targets = (
				8056BC2C2410C1340028B16E /* SwiftQuiz */,
				8056BC472410C16D0028B16E /* SwiftQuizTests */,
			);
		};
/* End PBXProject section */

/* Begin PBXResourcesBuildPhase section */
		8056BC2B2410C1340028B16E /* Resources */ = {
			isa = PBXResourcesBuildPhase;
			buildActionMask = 2147483647;
			files = (
				8056BC3D2410C1360028B16E /* LaunchScreen.storyboard in Resources */,
				8016072C241112D9002C2E5D /* WrongAnswerCell.xib in Resources */,
				8056BC3A2410C1360028B16E /* Assets.xcassets in Resources */,
				8016071D2410F3E1002C2E5D /* QuestionViewController.xib in Resources */,
				8016072A24110F66002C2E5D /* CorrectAnswerCell.xib in Resources */,
				8016072624110826002C2E5D /* ResultsViewController.xib in Resources */,
			);
			runOnlyForDeploymentPostprocessing = 0;
		};
		8056BC462410C16D0028B16E /* Resources */ = {
			isa = PBXResourcesBuildPhase;
			buildActionMask = 2147483647;
			files = (
			);
			runOnlyForDeploymentPostprocessing = 0;
		};
/* End PBXResourcesBuildPhase section */

/* Begin PBXSourcesBuildPhase section */
		8056BC292410C1340028B16E /* Sources */ = {
			isa = PBXSourcesBuildPhase;
			buildActionMask = 2147483647;
			files = (
				803F012E24123E150033424A /* NavigationControllerRouter.swift in Sources */,
				8047F779241616370097FC75 /* ViewControllerFactory.swift in Sources */,
				8056BC312410C1340028B16E /* AppDelegate.swift in Sources */,
				8047F77D241616D00097FC75 /* iOSViewControllerFactory.swift in Sources */,
				805C17B2241221E80073C597 /* WrongAnswerCell.swift in Sources */,
				803F00FA24123B740033424A /* QuestionViewController.swift in Sources */,
				8016072424110807002C2E5D /* ResultsViewController.swift in Sources */,
				803F0133241259E80033424A /* Question.swift in Sources */,
				805C17AE241221AE0073C597 /* PresentableAnswer.swift in Sources */,
				805C17B0241221D20073C597 /* CorrectAnswerCell.swift in Sources */,
				805C17AC241221980073C597 /* UITableViewExtensions.swift in Sources */,
			);
			runOnlyForDeploymentPostprocessing = 0;
		};
		8056BC442410C16D0028B16E /* Sources */ = {
			isa = PBXSourcesBuildPhase;
			buildActionMask = 2147483647;
			files = (
				803F013424125A030033424A /* QuestionTest.swift in Sources */,
				803F012C24123D430033424A /* NavigationControllerRouterTest.swift in Sources */,
				8016071F2410F5BF002C2E5D /* QuestionViewControllerTest.swift in Sources */,
				8016072824110C96002C2E5D /* UITableViewHelpers.swift in Sources */,
				801607222411079C002C2E5D /* ResultsViewControllerTest.swift in Sources */,
				8047F77B241616660097FC75 /* iOSViewControllerFactoryTest.swift in Sources */,
			);
			runOnlyForDeploymentPostprocessing = 0;
		};
/* End PBXSourcesBuildPhase section */

/* Begin PBXTargetDependency section */
		8056BC4E2410C16D0028B16E /* PBXTargetDependency */ = {
			isa = PBXTargetDependency;
			target = 8056BC2C2410C1340028B16E /* SwiftQuiz */;
			targetProxy = 8056BC4D2410C16D0028B16E /* PBXContainerItemProxy */;
		};
/* End PBXTargetDependency section */

/* Begin PBXVariantGroup section */
		8056BC3B2410C1360028B16E /* LaunchScreen.storyboard */ = {
			isa = PBXVariantGroup;
			children = (
				8056BC3C2410C1360028B16E /* Base */,
			);
			name = LaunchScreen.storyboard;
			sourceTree = "<group>";
		};
/* End PBXVariantGroup section */

/* Begin XCBuildConfiguration section */
		8056BC3F2410C1360028B16E /* Debug */ = {
			isa = XCBuildConfiguration;
			buildSettings = {
				ALWAYS_SEARCH_USER_PATHS = NO;
				CLANG_ANALYZER_NONNULL = YES;
				CLANG_ANALYZER_NUMBER_OBJECT_CONVERSION = YES_AGGRESSIVE;
				CLANG_CXX_LANGUAGE_STANDARD = "gnu++14";
				CLANG_CXX_LIBRARY = "libc++";
				CLANG_ENABLE_MODULES = YES;
				CLANG_ENABLE_OBJC_ARC = YES;
				CLANG_ENABLE_OBJC_WEAK = YES;
				CLANG_WARN_BLOCK_CAPTURE_AUTORELEASING = YES;
				CLANG_WARN_BOOL_CONVERSION = YES;
				CLANG_WARN_COMMA = YES;
				CLANG_WARN_CONSTANT_CONVERSION = YES;
				CLANG_WARN_DEPRECATED_OBJC_IMPLEMENTATIONS = YES;
				CLANG_WARN_DIRECT_OBJC_ISA_USAGE = YES_ERROR;
				CLANG_WARN_DOCUMENTATION_COMMENTS = YES;
				CLANG_WARN_EMPTY_BODY = YES;
				CLANG_WARN_ENUM_CONVERSION = YES;
				CLANG_WARN_INFINITE_RECURSION = YES;
				CLANG_WARN_INT_CONVERSION = YES;
				CLANG_WARN_NON_LITERAL_NULL_CONVERSION = YES;
				CLANG_WARN_OBJC_IMPLICIT_RETAIN_SELF = YES;
				CLANG_WARN_OBJC_LITERAL_CONVERSION = YES;
				CLANG_WARN_OBJC_ROOT_CLASS = YES_ERROR;
				CLANG_WARN_RANGE_LOOP_ANALYSIS = YES;
				CLANG_WARN_STRICT_PROTOTYPES = YES;
				CLANG_WARN_SUSPICIOUS_MOVE = YES;
				CLANG_WARN_UNGUARDED_AVAILABILITY = YES_AGGRESSIVE;
				CLANG_WARN_UNREACHABLE_CODE = YES;
				CLANG_WARN__DUPLICATE_METHOD_MATCH = YES;
				COPY_PHASE_STRIP = NO;
				DEBUG_INFORMATION_FORMAT = dwarf;
				ENABLE_STRICT_OBJC_MSGSEND = YES;
				ENABLE_TESTABILITY = YES;
				GCC_C_LANGUAGE_STANDARD = gnu11;
				GCC_DYNAMIC_NO_PIC = NO;
				GCC_NO_COMMON_BLOCKS = YES;
				GCC_OPTIMIZATION_LEVEL = 0;
				GCC_PREPROCESSOR_DEFINITIONS = (
					"DEBUG=1",
					"$(inherited)",
				);
				GCC_WARN_64_TO_32_BIT_CONVERSION = YES;
				GCC_WARN_ABOUT_RETURN_TYPE = YES_ERROR;
				GCC_WARN_UNDECLARED_SELECTOR = YES;
				GCC_WARN_UNINITIALIZED_AUTOS = YES_AGGRESSIVE;
				GCC_WARN_UNUSED_FUNCTION = YES;
				GCC_WARN_UNUSED_VARIABLE = YES;
				IPHONEOS_DEPLOYMENT_TARGET = 13.2;
				MTL_ENABLE_DEBUG_INFO = INCLUDE_SOURCE;
				MTL_FAST_MATH = YES;
				ONLY_ACTIVE_ARCH = YES;
				SDKROOT = iphoneos;
				SWIFT_ACTIVE_COMPILATION_CONDITIONS = DEBUG;
				SWIFT_OPTIMIZATION_LEVEL = "-Onone";
			};
			name = Debug;
		};
		8056BC402410C1360028B16E /* Release */ = {
			isa = XCBuildConfiguration;
			buildSettings = {
				ALWAYS_SEARCH_USER_PATHS = NO;
				CLANG_ANALYZER_NONNULL = YES;
				CLANG_ANALYZER_NUMBER_OBJECT_CONVERSION = YES_AGGRESSIVE;
				CLANG_CXX_LANGUAGE_STANDARD = "gnu++14";
				CLANG_CXX_LIBRARY = "libc++";
				CLANG_ENABLE_MODULES = YES;
				CLANG_ENABLE_OBJC_ARC = YES;
				CLANG_ENABLE_OBJC_WEAK = YES;
				CLANG_WARN_BLOCK_CAPTURE_AUTORELEASING = YES;
				CLANG_WARN_BOOL_CONVERSION = YES;
				CLANG_WARN_COMMA = YES;
				CLANG_WARN_CONSTANT_CONVERSION = YES;
				CLANG_WARN_DEPRECATED_OBJC_IMPLEMENTATIONS = YES;
				CLANG_WARN_DIRECT_OBJC_ISA_USAGE = YES_ERROR;
				CLANG_WARN_DOCUMENTATION_COMMENTS = YES;
				CLANG_WARN_EMPTY_BODY = YES;
				CLANG_WARN_ENUM_CONVERSION = YES;
				CLANG_WARN_INFINITE_RECURSION = YES;
				CLANG_WARN_INT_CONVERSION = YES;
				CLANG_WARN_NON_LITERAL_NULL_CONVERSION = YES;
				CLANG_WARN_OBJC_IMPLICIT_RETAIN_SELF = YES;
				CLANG_WARN_OBJC_LITERAL_CONVERSION = YES;
				CLANG_WARN_OBJC_ROOT_CLASS = YES_ERROR;
				CLANG_WARN_RANGE_LOOP_ANALYSIS = YES;
				CLANG_WARN_STRICT_PROTOTYPES = YES;
				CLANG_WARN_SUSPICIOUS_MOVE = YES;
				CLANG_WARN_UNGUARDED_AVAILABILITY = YES_AGGRESSIVE;
				CLANG_WARN_UNREACHABLE_CODE = YES;
				CLANG_WARN__DUPLICATE_METHOD_MATCH = YES;
				COPY_PHASE_STRIP = NO;
				DEBUG_INFORMATION_FORMAT = "dwarf-with-dsym";
				ENABLE_NS_ASSERTIONS = NO;
				ENABLE_STRICT_OBJC_MSGSEND = YES;
				GCC_C_LANGUAGE_STANDARD = gnu11;
				GCC_NO_COMMON_BLOCKS = YES;
				GCC_WARN_64_TO_32_BIT_CONVERSION = YES;
				GCC_WARN_ABOUT_RETURN_TYPE = YES_ERROR;
				GCC_WARN_UNDECLARED_SELECTOR = YES;
				GCC_WARN_UNINITIALIZED_AUTOS = YES_AGGRESSIVE;
				GCC_WARN_UNUSED_FUNCTION = YES;
				GCC_WARN_UNUSED_VARIABLE = YES;
				IPHONEOS_DEPLOYMENT_TARGET = 13.2;
				MTL_ENABLE_DEBUG_INFO = NO;
				MTL_FAST_MATH = YES;
				SDKROOT = iphoneos;
				SWIFT_COMPILATION_MODE = wholemodule;
				SWIFT_OPTIMIZATION_LEVEL = "-O";
				VALIDATE_PRODUCT = YES;
			};
			name = Release;
		};
		8056BC422410C1360028B16E /* Debug */ = {
			isa = XCBuildConfiguration;
			buildSettings = {
				ASSETCATALOG_COMPILER_APPICON_NAME = AppIcon;
				CODE_SIGN_STYLE = Automatic;
				DEVELOPMENT_TEAM = 66RA96TWLA;
				INFOPLIST_FILE = SwiftQuiz/Info.plist;
				LD_RUNPATH_SEARCH_PATHS = (
					"$(inherited)",
					"@executable_path/Frameworks",
				);
				PRODUCT_BUNDLE_IDENTIFIER = com.patrick.test.SwiftQuiz;
				PRODUCT_NAME = "$(TARGET_NAME)";
				SWIFT_VERSION = 5.0;
				TARGETED_DEVICE_FAMILY = "1,2";
			};
			name = Debug;
		};
		8056BC432410C1360028B16E /* Release */ = {
			isa = XCBuildConfiguration;
			buildSettings = {
				ASSETCATALOG_COMPILER_APPICON_NAME = AppIcon;
				CODE_SIGN_STYLE = Automatic;
				DEVELOPMENT_TEAM = 66RA96TWLA;
				INFOPLIST_FILE = SwiftQuiz/Info.plist;
				LD_RUNPATH_SEARCH_PATHS = (
					"$(inherited)",
					"@executable_path/Frameworks",
				);
				PRODUCT_BUNDLE_IDENTIFIER = com.patrick.test.SwiftQuiz;
				PRODUCT_NAME = "$(TARGET_NAME)";
				SWIFT_VERSION = 5.0;
				TARGETED_DEVICE_FAMILY = "1,2";
			};
			name = Release;
		};
		8056BC502410C16D0028B16E /* Debug */ = {
			isa = XCBuildConfiguration;
			buildSettings = {
				BUNDLE_LOADER = "$(TEST_HOST)";
				CODE_SIGN_STYLE = Automatic;
				DEVELOPMENT_TEAM = 66RA96TWLA;
				INFOPLIST_FILE = SwiftQuizTests/Info.plist;
				LD_RUNPATH_SEARCH_PATHS = (
					"$(inherited)",
					"@executable_path/Frameworks",
					"@loader_path/Frameworks",
				);
				PRODUCT_BUNDLE_IDENTIFIER = com.patrick.test.SwiftQuizTests;
				PRODUCT_NAME = "$(TARGET_NAME)";
				SWIFT_VERSION = 5.0;
				TARGETED_DEVICE_FAMILY = "1,2";
				TEST_HOST = "$(BUILT_PRODUCTS_DIR)/SwiftQuiz.app/SwiftQuiz";
			};
			name = Debug;
		};
		8056BC512410C16D0028B16E /* Release */ = {
			isa = XCBuildConfiguration;
			buildSettings = {
				BUNDLE_LOADER = "$(TEST_HOST)";
				CODE_SIGN_STYLE = Automatic;
				DEVELOPMENT_TEAM = 66RA96TWLA;
				INFOPLIST_FILE = SwiftQuizTests/Info.plist;
				LD_RUNPATH_SEARCH_PATHS = (
					"$(inherited)",
					"@executable_path/Frameworks",
					"@loader_path/Frameworks",
				);
				PRODUCT_BUNDLE_IDENTIFIER = com.patrick.test.SwiftQuizTests;
				PRODUCT_NAME = "$(TARGET_NAME)";
				SWIFT_VERSION = 5.0;
				TARGETED_DEVICE_FAMILY = "1,2";
				TEST_HOST = "$(BUILT_PRODUCTS_DIR)/SwiftQuiz.app/SwiftQuiz";
			};
			name = Release;
		};
/* End XCBuildConfiguration section */

/* Begin XCConfigurationList section */
		8056BC282410C1340028B16E /* Build configuration list for PBXProject "SwiftQuiz" */ = {
			isa = XCConfigurationList;
			buildConfigurations = (
				8056BC3F2410C1360028B16E /* Debug */,
				8056BC402410C1360028B16E /* Release */,
			);
			defaultConfigurationIsVisible = 0;
			defaultConfigurationName = Release;
		};
		8056BC412410C1360028B16E /* Build configuration list for PBXNativeTarget "SwiftQuiz" */ = {
			isa = XCConfigurationList;
			buildConfigurations = (
				8056BC422410C1360028B16E /* Debug */,
				8056BC432410C1360028B16E /* Release */,
			);
			defaultConfigurationIsVisible = 0;
			defaultConfigurationName = Release;
		};
		8056BC4F2410C16D0028B16E /* Build configuration list for PBXNativeTarget "SwiftQuizTests" */ = {
			isa = XCConfigurationList;
			buildConfigurations = (
				8056BC502410C16D0028B16E /* Debug */,
				8056BC512410C16D0028B16E /* Release */,
			);
			defaultConfigurationIsVisible = 0;
			defaultConfigurationName = Release;
		};
/* End XCConfigurationList section */
	};
	rootObject = 8056BC252410C1340028B16E /* Project object */;
}
